
Microsoft Visual Studio Solution File, Format Version 12.00
# Visual Studio 2013
VisualStudioVersion = 12.0.40629.0
MinimumVisualStudioVersion = 10.0.40219.1
Project("{2150E333-8FDC-42A3-9474-1A3956D46DE8}") = "FrameWork", "FrameWork", "{58DDBAC1-59FB-4BBE-813F-0F41BB407175}"
EndProject
Project("{FAE04EC0-301F-11D3-BF4B-00C04F79EFBC}") = "HYZK.FrameWork.Common", "_FrameWork\HYZK.FrameWork.Common\HYZK.FrameWork.Common.csproj", "{CE8C6D5C-05D3-4428-8C4D-718445ABFCAB}"
EndProject
Project("{2150E333-8FDC-42A3-9474-1A3956D46DE8}") = "Account", "Account", "{CF21C800-B5A1-45FA-B4FB-B16DFE4832D5}"
EndProject
Project("{FAE04EC0-301F-11D3-BF4B-00C04F79EFBC}") = "HYZK.Account.BLL", "_Account\HYZK.Account.AccountService\HYZK.Account.BLL.csproj", "{62942255-1129-4D06-945C-925EAF073A35}"
EndProject
Project("{FAE04EC0-301F-11D3-BF4B-00C04F79EFBC}") = "HYZK.Account.Contract", "_Account\HYZK.Account.Contract\HYZK.Account.Contract.csproj", "{56DD41DB-A54E-4F26-BD0D-BD4348B53EA0}"
EndProject
Project("{FAE04EC0-301F-11D3-BF4B-00C04F79EFBC}") = "HYZK.Account.DAL", "_Account\HYZK.Account.DAL\HYZK.Account.DAL.csproj", "{F8409BAD-024C-40B4-81C6-9B755D9640A3}"
EndProject
Project("{2150E333-8FDC-42A3-9474-1A3956D46DE8}") = "mrBack", "mrBack", "{9B3BB613-C821-438D-9E71-810B9ECB1B27}"
EndProject
Project("{FAE04EC0-301F-11D3-BF4B-00C04F79EFBC}") = "BJWater.BLL", "_BJWater\BJWater.BLL\BJWater.BLL.csproj", "{A24B0D91-2D73-4222-BC21-61C073C2546A}"
EndProject
Project("{FAE04EC0-301F-11D3-BF4B-00C04F79EFBC}") = "BJWater.Contract", "_BJWater\BJWater.Contract\BJWater.Contract.csproj", "{198EAD17-3847-42EB-8925-B55DB5E77B56}"
EndProject
Project("{FAE04EC0-301F-11D3-BF4B-00C04F79EFBC}") = "BJWater.DAL", "_BJWater\BJWater.DAL\BJWater.DAL.csproj", "{66BC512C-2ACB-4FCB-B86E-EF03E6C69327}"
EndProject
Project("{FAE04EC0-301F-11D3-BF4B-00C04F79EFBC}") = "WebInterface", "WebInterface\WebInterface.csproj", "{681A6829-3009-49BE-B81C-E612AB4D61C0}"
EndProject
Global
	GlobalSection(SolutionConfigurationPlatforms) = preSolution
		Debug|Any CPU = Debug|Any CPU
		Release|Any CPU = Release|Any CPU
	EndGlobalSection
	GlobalSection(ProjectConfigurationPlatforms) = postSolution
		{CE8C6D5C-05D3-4428-8C4D-718445ABFCAB}.Debug|Any CPU.ActiveCfg = Debug|Any CPU
		{CE8C6D5C-05D3-4428-8C4D-718445ABFCAB}.Debug|Any CPU.Build.0 = Debug|Any CPU
		{CE8C6D5C-05D3-4428-8C4D-718445ABFCAB}.Release|Any CPU.ActiveCfg = Release|Any CPU
		{CE8C6D5C-05D3-4428-8C4D-718445ABFCAB}.Release|Any CPU.Build.0 = Release|Any CPU
		{62942255-1129-4D06-945C-925EAF073A35}.Debug|Any CPU.ActiveCfg = Debug|Any CPU
		{62942255-1129-4D06-945C-925EAF073A35}.Debug|Any CPU.Build.0 = Debug|Any CPU
		{62942255-1129-4D06-945C-925EAF073A35}.Release|Any CPU.ActiveCfg = Release|Any CPU
		{62942255-1129-4D06-945C-925EAF073A35}.Release|Any CPU.Build.0 = Release|Any CPU
		{56DD41DB-A54E-4F26-BD0D-BD4348B53EA0}.Debug|Any CPU.ActiveCfg = Debug|Any CPU
		{56DD41DB-A54E-4F26-BD0D-BD4348B53EA0}.Debug|Any CPU.Build.0 = Debug|Any CPU
		{56DD41DB-A54E-4F26-BD0D-BD4348B53EA0}.Release|Any CPU.ActiveCfg = Release|Any CPU
		{56DD41DB-A54E-4F26-BD0D-BD4348B53EA0}.Release|Any CPU.Build.0 = Release|Any CPU
		{F8409BAD-024C-40B4-81C6-9B755D9640A3}.Debug|Any CPU.ActiveCfg = Debug|Any CPU
		{F8409BAD-024C-40B4-81C6-9B755D9640A3}.Debug|Any CPU.Build.0 = Debug|Any CPU
		{F8409BAD-024C-40B4-81C6-9B755D9640A3}.Release|Any CPU.ActiveCfg = Release|Any CPU
		{F8409BAD-024C-40B4-81C6-9B755D9640A3}.Release|Any CPU.Build.0 = Release|Any CPU
		{A24B0D91-2D73-4222-BC21-61C073C2546A}.Debug|Any CPU.ActiveCfg = Debug|Any CPU
		{A24B0D91-2D73-4222-BC21-61C073C2546A}.Debug|Any CPU.Build.0 = Debug|Any CPU
		{A24B0D91-2D73-4222-BC21-61C073C2546A}.Release|Any CPU.ActiveCfg = Release|Any CPU
		{A24B0D91-2D73-4222-BC21-61C073C2546A}.Release|Any CPU.Build.0 = Release|Any CPU
		{198EAD17-3847-42EB-8925-B55DB5E77B56}.Debug|Any CPU.ActiveCfg = Debug|Any CPU
		{198EAD17-3847-42EB-8925-B55DB5E77B56}.Debug|Any CPU.Build.0 = Debug|Any CPU
		{198EAD17-3847-42EB-8925-B55DB5E77B56}.Release|Any CPU.ActiveCfg = Release|Any CPU
		{198EAD17-3847-42EB-8925-B55DB5E77B56}.Release|Any CPU.Build.0 = Release|Any CPU
		{66BC512C-2ACB-4FCB-B86E-EF03E6C69327}.Debug|Any CPU.ActiveCfg = Debug|Any CPU
		{66BC512C-2ACB-4FCB-B86E-EF03E6C69327}.Debug|Any CPU.Build.0 = Debug|Any CPU
		{66BC512C-2ACB-4FCB-B86E-EF03E6C69327}.Release|Any CPU.ActiveCfg = Release|Any CPU
		{66BC512C-2ACB-4FCB-B86E-EF03E6C69327}.Release|Any CPU.Build.0 = Release|Any CPU
		{681A6829-3009-49BE-B81C-E612AB4D61C0}.Debug|Any CPU.ActiveCfg = Debug|Any CPU
		{681A6829-3009-49BE-B81C-E612AB4D61C0}.Debug|Any CPU.Build.0 = Debug|Any CPU
		{681A6829-3009-49BE-B81C-E612AB4D61C0}.Release|Any CPU.ActiveCfg = Release|Any CPU
		{681A6829-3009-49BE-B81C-E612AB4D61C0}.Release|Any CPU.Build.0 = Release|Any CPU
	EndGlobalSection
	GlobalSection(SolutionProperties) = preSolution
		HideSolutionNode = FALSE
	EndGlobalSection
	GlobalSection(NestedProjects) = preSolution
		{CE8C6D5C-05D3-4428-8C4D-718445ABFCAB} = {58DDBAC1-59FB-4BBE-813F-0F41BB407175}
		{62942255-1129-4D06-945C-925EAF073A35} = {CF21C800-B5A1-45FA-B4FB-B16DFE4832D5}
		{56DD41DB-A54E-4F26-BD0D-BD4348B53EA0} = {CF21C800-B5A1-45FA-B4FB-B16DFE4832D5}
		{F8409BAD-024C-40B4-81C6-9B755D9640A3} = {CF21C800-B5A1-45FA-B4FB-B16DFE4832D5}
		{A24B0D91-2D73-4222-BC21-61C073C2546A} = {9B3BB613-C821-438D-9E71-810B9ECB1B27}
		{198EAD17-3847-42EB-8925-B55DB5E77B56} = {9B3BB613-C821-438D-9E71-810B9ECB1B27}
		{66BC512C-2ACB-4FCB-B86E-EF03E6C69327} = {9B3BB613-C821-438D-9E71-810B9ECB1B27}
	EndGlobalSection
EndGlobal
